
Microsoft Visual Studio Solution File, Format Version 12.00
# Visual Studio Version 16
VisualStudioVersion = 16.0.32002.261
MinimumVisualStudioVersion = 10.0.40219.1
Project("{FAE04EC0-301F-11D3-BF4B-00C04F79EFBC}") = "DeliveryService.Domain", "DeliveryService.Domain\DeliveryService.Domain.csproj", "{6F042EB5-589F-4EC7-B159-1EA913084033}"
EndProject
Project("{FAE04EC0-301F-11D3-BF4B-00C04F79EFBC}") = "DeliveryService.Domain.Tests", "DeliveryService.Domain.Tests\DeliveryService.Domain.Tests.csproj", "{8616C339-28E3-4F1A-A9AF-29D740791C4C}"
EndProject
Project("{FAE04EC0-301F-11D3-BF4B-00C04F79EFBC}") = "DeliveryService.App", "DeliveryService.App\DeliveryService.App.csproj", "{68B0F9C9-9DA2-49B3-9751-265A90982D17}"
EndProject
Global
	GlobalSection(SolutionConfigurationPlatforms) = preSolution
		Debug|Any CPU = Debug|Any CPU
		Release|Any CPU = Release|Any CPU
	EndGlobalSection
	GlobalSection(ProjectConfigurationPlatforms) = postSolution
		{6F042EB5-589F-4EC7-B159-1EA913084033}.Debug|Any CPU.ActiveCfg = Debug|Any CPU
		{6F042EB5-589F-4EC7-B159-1EA913084033}.Debug|Any CPU.Build.0 = Debug|Any CPU
		{6F042EB5-589F-4EC7-B159-1EA913084033}.Release|Any CPU.ActiveCfg = Release|Any CPU
		{6F042EB5-589F-4EC7-B159-1EA913084033}.Release|Any CPU.Build.0 = Release|Any CPU
		{8616C339-28E3-4F1A-A9AF-29D740791C4C}.Debug|Any CPU.ActiveCfg = Debug|Any CPU
		{8616C339-28E3-4F1A-A9AF-29D740791C4C}.Debug|Any CPU.Build.0 = Debug|Any CPU
		{8616C339-28E3-4F1A-A9AF-29D740791C4C}.Release|Any CPU.ActiveCfg = Release|Any CPU
		{8616C339-28E3-4F1A-A9AF-29D740791C4C}.Release|Any CPU.Build.0 = Release|Any CPU
		{68B0F9C9-9DA2-49B3-9751-265A90982D17}.Debug|Any CPU.ActiveCfg = Debug|Any CPU
		{68B0F9C9-9DA2-49B3-9751-265A90982D17}.Debug|Any CPU.Build.0 = Debug|Any CPU
		{68B0F9C9-9DA2-49B3-9751-265A90982D17}.Release|Any CPU.ActiveCfg = Release|Any CPU
		{68B0F9C9-9DA2-49B3-9751-265A90982D17}.Release|Any CPU.Build.0 = Release|Any CPU
	EndGlobalSection
	GlobalSection(SolutionProperties) = preSolution
		HideSolutionNode = FALSE
	EndGlobalSection
	GlobalSection(ExtensibilityGlobals) = postSolution
		SolutionGuid = {4FBCC7FD-39B5-4B8F-B34C-D27094835525}
	EndGlobalSection
EndGlobal
